
Microsoft Visual Studio Solution File, Format Version 12.00
# Visual Studio Version 17
VisualStudioVersion = 17.11.35327.3
MinimumVisualStudioVersion = 10.0.40219.1
Project("{FAE04EC0-301F-11D3-BF4B-00C04F79EFBC}") = "Exercício2", "Exercício2\Exercício2.csproj", "{F7291DF2-1734-48B7-A73C-234FFE38BD6F}"
EndProject
Global
	GlobalSection(SolutionConfigurationPlatforms) = preSolution
		Debug|Any CPU = Debug|Any CPU
		Release|Any CPU = Release|Any CPU
	EndGlobalSection
	GlobalSection(ProjectConfigurationPlatforms) = postSolution
		{F7291DF2-1734-48B7-A73C-234FFE38BD6F}.Debug|Any CPU.ActiveCfg = Debug|Any CPU
		{F7291DF2-1734-48B7-A73C-234FFE38BD6F}.Debug|Any CPU.Build.0 = Debug|Any CPU
		{F7291DF2-1734-48B7-A73C-234FFE38BD6F}.Release|Any CPU.ActiveCfg = Release|Any CPU
		{F7291DF2-1734-48B7-A73C-234FFE38BD6F}.Release|Any CPU.Build.0 = Release|Any CPU
	EndGlobalSection
	GlobalSection(SolutionProperties) = preSolution
		HideSolutionNode = FALSE
	EndGlobalSection
	GlobalSection(ExtensibilityGlobals) = postSolution
		SolutionGuid = {A491402A-2CC5-44BD-83F1-D58F67B28612}
	EndGlobalSection
EndGlobal
